
Microsoft Visual Studio Solution File, Format Version 12.00
#
Project("{2150E333-8FDC-42A3-9474-1A3956D46DE8}") = "src", "src", "{9BC5A1E7-B12F-421A-9B86-27BE9708E2D8}"
EndProject
Project("{FAE04EC0-301F-11D3-BF4B-00C04F79EFBC}") = "DrillingTelemetry.DeviceSimulator", "src\DrillingTelemetry.DeviceSimulator\DrillingTelemetry.DeviceSimulator.csproj", "{9231B476-2021-4BFD-99C5-070D5ED09615}"
EndProject
Project("{FAE04EC0-301F-11D3-BF4B-00C04F79EFBC}") = "DrillingTelemetry.Processor", "src\DrillingTelemetry.Processor\DrillingTelemetry.Processor.csproj", "{CBAB4206-537D-4FA8-BBEF-A23EEC75C8D1}"
EndProject
Project("{FAE04EC0-301F-11D3-BF4B-00C04F79EFBC}") = "DrillingTelemetry.Contracts", "src\DrillingTelemetry.Contracts\DrillingTelemetry.Contracts.csproj", "{5EC4C7A1-233F-4A10-BED1-2619EF968662}"
EndProject
Project("{2150E333-8FDC-42A3-9474-1A3956D46DE8}") = "tests", "tests", "{99CEA21F-E95C-40C4-B310-51BFF8412259}"
EndProject
Project("{FAE04EC0-301F-11D3-BF4B-00C04F79EFBC}") = "DrillingTelemetry.DeviceSimulator.Tests", "tests\DrillingTelemetry.DeviceSimulator.Tests\DrillingTelemetry.DeviceSimulator.Tests.csproj", "{723E5A5B-177F-4CFE-9229-B6BECF3647BA}"
EndProject
Project("{FAE04EC0-301F-11D3-BF4B-00C04F79EFBC}") = "DrillingTelemetry.Control.Api", "src\DrillingTelemetry.Control.Api\DrillingTelemetry.Control.Api.csproj", "{C63B13C0-35D8-456C-84F2-EDF93AD6408D}"
EndProject
Project("{FAE04EC0-301F-11D3-BF4B-00C04F79EFBC}") = "DrillingTelemetry.Processor.Tests", "tests\DrillingTelemetry.Processor.Tests\DrillingTelemetry.Processor.Tests.csproj", "{338777C4-16A0-423A-B6BE-9B0184D60CC1}"
EndProject
Global
	GlobalSection(SolutionConfigurationPlatforms) = preSolution
		Debug|Any CPU = Debug|Any CPU
		Debug|x64 = Debug|x64
		Debug|x86 = Debug|x86
		Release|Any CPU = Release|Any CPU
		Release|x64 = Release|x64
		Release|x86 = Release|x86
	EndGlobalSection
	GlobalSection(ProjectConfigurationPlatforms) = postSolution
		{9231B476-2021-4BFD-99C5-070D5ED09615}.Debug|Any CPU.ActiveCfg = Debug|Any CPU
		{9231B476-2021-4BFD-99C5-070D5ED09615}.Debug|Any CPU.Build.0 = Debug|Any CPU
		{9231B476-2021-4BFD-99C5-070D5ED09615}.Debug|x64.ActiveCfg = Debug|Any CPU
		{9231B476-2021-4BFD-99C5-070D5ED09615}.Debug|x64.Build.0 = Debug|Any CPU
		{9231B476-2021-4BFD-99C5-070D5ED09615}.Debug|x86.ActiveCfg = Debug|Any CPU
		{9231B476-2021-4BFD-99C5-070D5ED09615}.Debug|x86.Build.0 = Debug|Any CPU
		{9231B476-2021-4BFD-99C5-070D5ED09615}.Release|Any CPU.ActiveCfg = Release|Any CPU
		{9231B476-2021-4BFD-99C5-070D5ED09615}.Release|Any CPU.Build.0 = Release|Any CPU
		{9231B476-2021-4BFD-99C5-070D5ED09615}.Release|x64.ActiveCfg = Release|Any CPU
		{9231B476-2021-4BFD-99C5-070D5ED09615}.Release|x64.Build.0 = Release|Any CPU
		{9231B476-2021-4BFD-99C5-070D5ED09615}.Release|x86.ActiveCfg = Release|Any CPU
		{9231B476-2021-4BFD-99C5-070D5ED09615}.Release|x86.Build.0 = Release|Any CPU
		{CBAB4206-537D-4FA8-BBEF-A23EEC75C8D1}.Debug|Any CPU.ActiveCfg = Debug|Any CPU
		{CBAB4206-537D-4FA8-BBEF-A23EEC75C8D1}.Debug|Any CPU.Build.0 = Debug|Any CPU
		{CBAB4206-537D-4FA8-BBEF-A23EEC75C8D1}.Debug|x64.ActiveCfg = Debug|Any CPU
		{CBAB4206-537D-4FA8-BBEF-A23EEC75C8D1}.Debug|x64.Build.0 = Debug|Any CPU
		{CBAB4206-537D-4FA8-BBEF-A23EEC75C8D1}.Debug|x86.ActiveCfg = Debug|Any CPU
		{CBAB4206-537D-4FA8-BBEF-A23EEC75C8D1}.Debug|x86.Build.0 = Debug|Any CPU
		{CBAB4206-537D-4FA8-BBEF-A23EEC75C8D1}.Release|Any CPU.ActiveCfg = Release|Any CPU
		{CBAB4206-537D-4FA8-BBEF-A23EEC75C8D1}.Release|Any CPU.Build.0 = Release|Any CPU
		{CBAB4206-537D-4FA8-BBEF-A23EEC75C8D1}.Release|x64.ActiveCfg = Release|Any CPU
		{CBAB4206-537D-4FA8-BBEF-A23EEC75C8D1}.Release|x64.Build.0 = Release|Any CPU
		{CBAB4206-537D-4FA8-BBEF-A23EEC75C8D1}.Release|x86.ActiveCfg = Release|Any CPU
		{CBAB4206-537D-4FA8-BBEF-A23EEC75C8D1}.Release|x86.Build.0 = Release|Any CPU
		{5EC4C7A1-233F-4A10-BED1-2619EF968662}.Debug|Any CPU.ActiveCfg = Debug|Any CPU
		{5EC4C7A1-233F-4A10-BED1-2619EF968662}.Debug|Any CPU.Build.0 = Debug|Any CPU
		{5EC4C7A1-233F-4A10-BED1-2619EF968662}.Debug|x64.ActiveCfg = Debug|Any CPU
		{5EC4C7A1-233F-4A10-BED1-2619EF968662}.Debug|x64.Build.0 = Debug|Any CPU
		{5EC4C7A1-233F-4A10-BED1-2619EF968662}.Debug|x86.ActiveCfg = Debug|Any CPU
		{5EC4C7A1-233F-4A10-BED1-2619EF968662}.Debug|x86.Build.0 = Debug|Any CPU
		{5EC4C7A1-233F-4A10-BED1-2619EF968662}.Release|Any CPU.ActiveCfg = Release|Any CPU
		{5EC4C7A1-233F-4A10-BED1-2619EF968662}.Release|Any CPU.Build.0 = Release|Any CPU
		{5EC4C7A1-233F-4A10-BED1-2619EF968662}.Release|x64.ActiveCfg = Release|Any CPU
		{5EC4C7A1-233F-4A10-BED1-2619EF968662}.Release|x64.Build.0 = Release|Any CPU
		{5EC4C7A1-233F-4A10-BED1-2619EF968662}.Release|x86.ActiveCfg = Release|Any CPU
		{5EC4C7A1-233F-4A10-BED1-2619EF968662}.Release|x86.Build.0 = Release|Any CPU
		{723E5A5B-177F-4CFE-9229-B6BECF3647BA}.Debug|Any CPU.ActiveCfg = Debug|Any CPU
		{723E5A5B-177F-4CFE-9229-B6BECF3647BA}.Debug|Any CPU.Build.0 = Debug|Any CPU
		{723E5A5B-177F-4CFE-9229-B6BECF3647BA}.Debug|x64.ActiveCfg = Debug|Any CPU
		{723E5A5B-177F-4CFE-9229-B6BECF3647BA}.Debug|x64.Build.0 = Debug|Any CPU
		{723E5A5B-177F-4CFE-9229-B6BECF3647BA}.Debug|x86.ActiveCfg = Debug|Any CPU
		{723E5A5B-177F-4CFE-9229-B6BECF3647BA}.Debug|x86.Build.0 = Debug|Any CPU
		{723E5A5B-177F-4CFE-9229-B6BECF3647BA}.Release|Any CPU.ActiveCfg = Release|Any CPU
		{723E5A5B-177F-4CFE-9229-B6BECF3647BA}.Release|Any CPU.Build.0 = Release|Any CPU
		{723E5A5B-177F-4CFE-9229-B6BECF3647BA}.Release|x64.ActiveCfg = Release|Any CPU
		{723E5A5B-177F-4CFE-9229-B6BECF3647BA}.Release|x64.Build.0 = Release|Any CPU
		{723E5A5B-177F-4CFE-9229-B6BECF3647BA}.Release|x86.ActiveCfg = Release|Any CPU
		{723E5A5B-177F-4CFE-9229-B6BECF3647BA}.Release|x86.Build.0 = Release|Any CPU
		{C63B13C0-35D8-456C-84F2-EDF93AD6408D}.Debug|Any CPU.ActiveCfg = Debug|Any CPU
		{C63B13C0-35D8-456C-84F2-EDF93AD6408D}.Debug|Any CPU.Build.0 = Debug|Any CPU
		{C63B13C0-35D8-456C-84F2-EDF93AD6408D}.Debug|x64.ActiveCfg = Debug|Any CPU
		{C63B13C0-35D8-456C-84F2-EDF93AD6408D}.Debug|x64.Build.0 = Debug|Any CPU
		{C63B13C0-35D8-456C-84F2-EDF93AD6408D}.Debug|x86.ActiveCfg = Debug|Any CPU
		{C63B13C0-35D8-456C-84F2-EDF93AD6408D}.Debug|x86.Build.0 = Debug|Any CPU
		{C63B13C0-35D8-456C-84F2-EDF93AD6408D}.Release|Any CPU.ActiveCfg = Release|Any CPU
		{C63B13C0-35D8-456C-84F2-EDF93AD6408D}.Release|Any CPU.Build.0 = Release|Any CPU
		{C63B13C0-35D8-456C-84F2-EDF93AD6408D}.Release|x64.ActiveCfg = Release|Any CPU
		{C63B13C0-35D8-456C-84F2-EDF93AD6408D}.Release|x64.Build.0 = Release|Any CPU
		{C63B13C0-35D8-456C-84F2-EDF93AD6408D}.Release|x86.ActiveCfg = Release|Any CPU
		{C63B13C0-35D8-456C-84F2-EDF93AD6408D}.Release|x86.Build.0 = Release|Any CPU
		{338777C4-16A0-423A-B6BE-9B0184D60CC1}.Debug|Any CPU.ActiveCfg = Debug|Any CPU
		{338777C4-16A0-423A-B6BE-9B0184D60CC1}.Debug|Any CPU.Build.0 = Debug|Any CPU
		{338777C4-16A0-423A-B6BE-9B0184D60CC1}.Debug|x64.ActiveCfg = Debug|Any CPU
		{338777C4-16A0-423A-B6BE-9B0184D60CC1}.Debug|x64.Build.0 = Debug|Any CPU
		{338777C4-16A0-423A-B6BE-9B0184D60CC1}.Debug|x86.ActiveCfg = Debug|Any CPU
		{338777C4-16A0-423A-B6BE-9B0184D60CC1}.Debug|x86.Build.0 = Debug|Any CPU
		{338777C4-16A0-423A-B6BE-9B0184D60CC1}.Release|Any CPU.ActiveCfg = Release|Any CPU
		{338777C4-16A0-423A-B6BE-9B0184D60CC1}.Release|Any CPU.Build.0 = Release|Any CPU
		{338777C4-16A0-423A-B6BE-9B0184D60CC1}.Release|x64.ActiveCfg = Release|Any CPU
		{338777C4-16A0-423A-B6BE-9B0184D60CC1}.Release|x64.Build.0 = Release|Any CPU
		{338777C4-16A0-423A-B6BE-9B0184D60CC1}.Release|x86.ActiveCfg = Release|Any CPU
		{338777C4-16A0-423A-B6BE-9B0184D60CC1}.Release|x86.Build.0 = Release|Any CPU
	EndGlobalSection
	GlobalSection(NestedProjects) = preSolution
		{9231B476-2021-4BFD-99C5-070D5ED09615} = {9BC5A1E7-B12F-421A-9B86-27BE9708E2D8}
		{CBAB4206-537D-4FA8-BBEF-A23EEC75C8D1} = {9BC5A1E7-B12F-421A-9B86-27BE9708E2D8}
		{5EC4C7A1-233F-4A10-BED1-2619EF968662} = {9BC5A1E7-B12F-421A-9B86-27BE9708E2D8}
		{723E5A5B-177F-4CFE-9229-B6BECF3647BA} = {99CEA21F-E95C-40C4-B310-51BFF8412259}
		{C63B13C0-35D8-456C-84F2-EDF93AD6408D} = {9BC5A1E7-B12F-421A-9B86-27BE9708E2D8}
		{338777C4-16A0-423A-B6BE-9B0184D60CC1} = {99CEA21F-E95C-40C4-B310-51BFF8412259}
	EndGlobalSection
EndGlobal
